
Microsoft Visual Studio Solution File, Format Version 12.00
# Visual Studio 15
VisualStudioVersion = 15.0.28307.1831
MinimumVisualStudioVersion = 10.0.40219.1
Project("{FAE04EC0-301F-11D3-BF4B-00C04F79EFBC}") = "Garantias", "Garantias\Garantias.csproj", "{E1E3129C-A69E-479C-ACEF-845B5919A6CF}"
EndProject
Global
	GlobalSection(SolutionConfigurationPlatforms) = preSolution
		Debug|Any CPU = Debug|Any CPU
		Release|Any CPU = Release|Any CPU
	EndGlobalSection
	GlobalSection(ProjectConfigurationPlatforms) = postSolution
		{E1E3129C-A69E-479C-ACEF-845B5919A6CF}.Debug|Any CPU.ActiveCfg = Debug|Any CPU
		{E1E3129C-A69E-479C-ACEF-845B5919A6CF}.Debug|Any CPU.Build.0 = Debug|Any CPU
		{E1E3129C-A69E-479C-ACEF-845B5919A6CF}.Release|Any CPU.ActiveCfg = Release|Any CPU
		{E1E3129C-A69E-479C-ACEF-845B5919A6CF}.Release|Any CPU.Build.0 = Release|Any CPU
	EndGlobalSection
	GlobalSection(SolutionProperties) = preSolution
		HideSolutionNode = FALSE
	EndGlobalSection
	GlobalSection(ExtensibilityGlobals) = postSolution
		SolutionGuid = {946600C0-5C39-4C1F-A3AC-E49333E289CF}
	EndGlobalSection
EndGlobal
